
Microsoft Visual Studio Solution File, Format Version 12.00
# Visual Studio Version 17
VisualStudioVersion = 17.8.34511.84
MinimumVisualStudioVersion = 10.0.40219.1
Project("{FAE04EC0-301F-11D3-BF4B-00C04F79EFBC}") = "Tamagotchi", "Tamagotchi\Tamagotchi.csproj", "{F8BE8AA0-63B9-4C9F-9629-8E5214C159F3}"
EndProject
Global
	GlobalSection(SolutionConfigurationPlatforms) = preSolution
		Debug|Any CPU = Debug|Any CPU
		Release|Any CPU = Release|Any CPU
	EndGlobalSection
	GlobalSection(ProjectConfigurationPlatforms) = postSolution
		{F8BE8AA0-63B9-4C9F-9629-8E5214C159F3}.Debug|Any CPU.ActiveCfg = Debug|Any CPU
		{F8BE8AA0-63B9-4C9F-9629-8E5214C159F3}.Debug|Any CPU.Build.0 = Debug|Any CPU
		{F8BE8AA0-63B9-4C9F-9629-8E5214C159F3}.Release|Any CPU.ActiveCfg = Release|Any CPU
		{F8BE8AA0-63B9-4C9F-9629-8E5214C159F3}.Release|Any CPU.Build.0 = Release|Any CPU
	EndGlobalSection
	GlobalSection(SolutionProperties) = preSolution
		HideSolutionNode = FALSE
	EndGlobalSection
	GlobalSection(ExtensibilityGlobals) = postSolution
		SolutionGuid = {89D9CDBA-6D05-495B-8E5E-142E065EAE9B}
	EndGlobalSection
EndGlobal
